
Microsoft Visual Studio Solution File, Format Version 12.00
# Visual Studio Version 17
VisualStudioVersion = 17.7.34221.43
MinimumVisualStudioVersion = 10.0.40219.1
Project("{9A19103F-16F7-4668-BE54-9A1E7A4F7556}") = "CosmosSample", "CosmosSample\CosmosSample.csproj", "{ECDBD43F-DE05-4CE7-8F01-5BEA58028A53}"
EndProject
Project("{FAE04EC0-301F-11D3-BF4B-00C04F79EFBC}") = "CosmosSampleApi", "CosmosSampleApi\CosmosSampleApi.csproj", "{5598C508-EEDC-4E22-AA4B-F652305D4EA2}"
EndProject
Project("{FAE04EC0-301F-11D3-BF4B-00C04F79EFBC}") = "CosmosSample.Model", "CosmosSample.Model\CosmosSample.Model.csproj", "{C2D6A14E-E772-4619-82B3-17EAFD7A2079}"
EndProject
Global
	GlobalSection(SolutionConfigurationPlatforms) = preSolution
		Debug|Any CPU = Debug|Any CPU
		Release|Any CPU = Release|Any CPU
	EndGlobalSection
	GlobalSection(ProjectConfigurationPlatforms) = postSolution
		{ECDBD43F-DE05-4CE7-8F01-5BEA58028A53}.Debug|Any CPU.ActiveCfg = Debug|Any CPU
		{ECDBD43F-DE05-4CE7-8F01-5BEA58028A53}.Debug|Any CPU.Build.0 = Debug|Any CPU
		{ECDBD43F-DE05-4CE7-8F01-5BEA58028A53}.Release|Any CPU.ActiveCfg = Release|Any CPU
		{ECDBD43F-DE05-4CE7-8F01-5BEA58028A53}.Release|Any CPU.Build.0 = Release|Any CPU
		{5598C508-EEDC-4E22-AA4B-F652305D4EA2}.Debug|Any CPU.ActiveCfg = Debug|Any CPU
		{5598C508-EEDC-4E22-AA4B-F652305D4EA2}.Debug|Any CPU.Build.0 = Debug|Any CPU
		{5598C508-EEDC-4E22-AA4B-F652305D4EA2}.Release|Any CPU.ActiveCfg = Release|Any CPU
		{5598C508-EEDC-4E22-AA4B-F652305D4EA2}.Release|Any CPU.Build.0 = Release|Any CPU
		{C2D6A14E-E772-4619-82B3-17EAFD7A2079}.Debug|Any CPU.ActiveCfg = Debug|Any CPU
		{C2D6A14E-E772-4619-82B3-17EAFD7A2079}.Debug|Any CPU.Build.0 = Debug|Any CPU
		{C2D6A14E-E772-4619-82B3-17EAFD7A2079}.Release|Any CPU.ActiveCfg = Release|Any CPU
		{C2D6A14E-E772-4619-82B3-17EAFD7A2079}.Release|Any CPU.Build.0 = Release|Any CPU
	EndGlobalSection
	GlobalSection(SolutionProperties) = preSolution
		HideSolutionNode = FALSE
	EndGlobalSection
	GlobalSection(ExtensibilityGlobals) = postSolution
		SolutionGuid = {E003A9B9-FF6D-4B5C-90E7-DDB005004128}
	EndGlobalSection
EndGlobal
